
Microsoft Visual Studio Solution File, Format Version 12.00
# Visual Studio Version 16
VisualStudioVersion = 16.0.30804.86
MinimumVisualStudioVersion = 10.0.40219.1
Project("{FAE04EC0-301F-11D3-BF4B-00C04F79EFBC}") = "IggfScoreApi", "IggfScoreApi\IggfScoreApi.csproj", "{47F02EA1-C9D7-4CDC-87BE-B3708EB5A30D}"
EndProject
Project("{FAE04EC0-301F-11D3-BF4B-00C04F79EFBC}") = "IggfScoreWebpage", "IggfScoreWebpage\IggfScoreWebpage.csproj", "{15CEB56C-8624-4096-945B-40C5D1A3B540}"
EndProject
Project("{FAE04EC0-301F-11D3-BF4B-00C04F79EFBC}") = "IggfApiWebpageCommon", "IggfApiWebpageCommon\IggfApiWebpageCommon.csproj", "{C5934FA3-8602-4973-95FF-0888FFD63DB1}"
EndProject
Project("{FAE04EC0-301F-11D3-BF4B-00C04F79EFBC}") = "IggfGame", "IggfGame\IggfGame.csproj", "{99BD4675-EB76-4A8F-B121-CED3840C49D4}"
EndProject
Project("{FAE04EC0-301F-11D3-BF4B-00C04F79EFBC}") = "IggfApiGameCommon", "IggfApiGameCommon\IggfApiGameCommon.csproj", "{9B4C7827-7BFA-4690-8A81-26D1189A5241}"
EndProject
Global
	GlobalSection(SolutionConfigurationPlatforms) = preSolution
		Debug|Any CPU = Debug|Any CPU
		Release|Any CPU = Release|Any CPU
	EndGlobalSection
	GlobalSection(ProjectConfigurationPlatforms) = postSolution
		{47F02EA1-C9D7-4CDC-87BE-B3708EB5A30D}.Debug|Any CPU.ActiveCfg = Debug|Any CPU
		{47F02EA1-C9D7-4CDC-87BE-B3708EB5A30D}.Debug|Any CPU.Build.0 = Debug|Any CPU
		{47F02EA1-C9D7-4CDC-87BE-B3708EB5A30D}.Release|Any CPU.ActiveCfg = Release|Any CPU
		{47F02EA1-C9D7-4CDC-87BE-B3708EB5A30D}.Release|Any CPU.Build.0 = Release|Any CPU
		{15CEB56C-8624-4096-945B-40C5D1A3B540}.Debug|Any CPU.ActiveCfg = Debug|Any CPU
		{15CEB56C-8624-4096-945B-40C5D1A3B540}.Debug|Any CPU.Build.0 = Debug|Any CPU
		{15CEB56C-8624-4096-945B-40C5D1A3B540}.Release|Any CPU.ActiveCfg = Release|Any CPU
		{15CEB56C-8624-4096-945B-40C5D1A3B540}.Release|Any CPU.Build.0 = Release|Any CPU
		{C5934FA3-8602-4973-95FF-0888FFD63DB1}.Debug|Any CPU.ActiveCfg = Debug|Any CPU
		{C5934FA3-8602-4973-95FF-0888FFD63DB1}.Debug|Any CPU.Build.0 = Debug|Any CPU
		{C5934FA3-8602-4973-95FF-0888FFD63DB1}.Release|Any CPU.ActiveCfg = Release|Any CPU
		{C5934FA3-8602-4973-95FF-0888FFD63DB1}.Release|Any CPU.Build.0 = Release|Any CPU
		{99BD4675-EB76-4A8F-B121-CED3840C49D4}.Debug|Any CPU.ActiveCfg = Debug|Any CPU
		{99BD4675-EB76-4A8F-B121-CED3840C49D4}.Debug|Any CPU.Build.0 = Debug|Any CPU
		{99BD4675-EB76-4A8F-B121-CED3840C49D4}.Release|Any CPU.ActiveCfg = Release|Any CPU
		{99BD4675-EB76-4A8F-B121-CED3840C49D4}.Release|Any CPU.Build.0 = Release|Any CPU
		{9B4C7827-7BFA-4690-8A81-26D1189A5241}.Debug|Any CPU.ActiveCfg = Debug|Any CPU
		{9B4C7827-7BFA-4690-8A81-26D1189A5241}.Debug|Any CPU.Build.0 = Debug|Any CPU
		{9B4C7827-7BFA-4690-8A81-26D1189A5241}.Release|Any CPU.ActiveCfg = Release|Any CPU
		{9B4C7827-7BFA-4690-8A81-26D1189A5241}.Release|Any CPU.Build.0 = Release|Any CPU
	EndGlobalSection
	GlobalSection(SolutionProperties) = preSolution
		HideSolutionNode = FALSE
	EndGlobalSection
	GlobalSection(ExtensibilityGlobals) = postSolution
		SolutionGuid = {0B925E5B-2E9D-4D8B-BB83-F7207A8DBFB1}
	EndGlobalSection
EndGlobal
